// !$*UTF8*$!
{
	archiveVersion = 1;
	classes = {
	};
	objectVersion = 56;
	objects = {

/* Begin PBXBuildFile section */
		9E4CDF372C8D8AB000C05FFF /* StartTCA2App.swift in Sources */ = {isa = PBXBuildFile; fileRef = 9E4CDF362C8D8AB000C05FFF /* StartTCA2App.swift */; };
		9E4CDF392C8D8AB000C05FFF /* ContentView.swift in Sources */ = {isa = PBXBuildFile; fileRef = 9E4CDF382C8D8AB000C05FFF /* ContentView.swift */; };
		9E4CDF3B2C8D8AB100C05FFF /* Assets.xcassets in Resources */ = {isa = PBXBuildFile; fileRef = 9E4CDF3A2C8D8AB100C05FFF /* Assets.xcassets */; };
		9E4CDF3E2C8D8AB100C05FFF /* Preview Assets.xcassets in Resources */ = {isa = PBXBuildFile; fileRef = 9E4CDF3D2C8D8AB100C05FFF /* Preview Assets.xcassets */; };
		9E4CDF492C8D8AB100C05FFF /* StartTCA2Tests.swift in Sources */ = {isa = PBXBuildFile; fileRef = 9E4CDF482C8D8AB100C05FFF /* StartTCA2Tests.swift */; };
		9E4CDF532C8D8AB100C05FFF /* StartTCA2UITests.swift in Sources */ = {isa = PBXBuildFile; fileRef = 9E4CDF522C8D8AB100C05FFF /* StartTCA2UITests.swift */; };
		9E4CDF552C8D8AB100C05FFF /* StartTCA2UITestsLaunchTests.swift in Sources */ = {isa = PBXBuildFile; fileRef = 9E4CDF542C8D8AB100C05FFF /* StartTCA2UITestsLaunchTests.swift */; };
		9E4CDF642C8D8BA900C05FFF /* ComposableArchitecture in Frameworks */ = {isa = PBXBuildFile; productRef = 9E4CDF632C8D8BA900C05FFF /* ComposableArchitecture */; };
		9E4CDF662C8D8BBD00C05FFF /* CounterFeature.swift in Sources */ = {isa = PBXBuildFile; fileRef = 9E4CDF652C8D8BBD00C05FFF /* CounterFeature.swift */; };
		9E4CDF682C8D8C0200C05FFF /* CounterFeatureTests.swift in Sources */ = {isa = PBXBuildFile; fileRef = 9E4CDF672C8D8C0200C05FFF /* CounterFeatureTests.swift */; };
		9E5C035F2C8D9277000789C1 /* NumberFactClient.swift in Sources */ = {isa = PBXBuildFile; fileRef = 9E5C035E2C8D9277000789C1 /* NumberFactClient.swift */; };
		9E5C03612C8D945A000789C1 /* AppFeature.swift in Sources */ = {isa = PBXBuildFile; fileRef = 9E5C03602C8D945A000789C1 /* AppFeature.swift */; };
		9E5C03632C8DBD5B000789C1 /* AppFeatureTests.swift in Sources */ = {isa = PBXBuildFile; fileRef = 9E5C03622C8DBD5B000789C1 /* AppFeatureTests.swift */; };
/* End PBXBuildFile section */

/* Begin PBXContainerItemProxy section */
		9E4CDF452C8D8AB100C05FFF /* PBXContainerItemProxy */ = {
			isa = PBXContainerItemProxy;
			containerPortal = 9E4CDF2B2C8D8AB000C05FFF /* Project object */;
			proxyType = 1;
			remoteGlobalIDString = 9E4CDF322C8D8AB000C05FFF;
			remoteInfo = StartTCA2;
		};
		9E4CDF4F2C8D8AB100C05FFF /* PBXContainerItemProxy */ = {
			isa = PBXContainerItemProxy;
			containerPortal = 9E4CDF2B2C8D8AB000C05FFF /* Project object */;
			proxyType = 1;
			remoteGlobalIDString = 9E4CDF322C8D8AB000C05FFF;
			remoteInfo = StartTCA2;
		};
/* End PBXContainerItemProxy section */

/* Begin PBXFileReference section */
		9E4CDF332C8D8AB000C05FFF /* StartTCA2.app */ = {isa = PBXFileReference; explicitFileType = wrapper.application; includeInIndex = 0; path = StartTCA2.app; sourceTree = BUILT_PRODUCTS_DIR; };
		9E4CDF362C8D8AB000C05FFF /* StartTCA2App.swift */ = {isa = PBXFileReference; lastKnownFileType = sourcecode.swift; path = StartTCA2App.swift; sourceTree = "<group>"; };
		9E4CDF382C8D8AB000C05FFF /* ContentView.swift */ = {isa = PBXFileReference; lastKnownFileType = sourcecode.swift; path = ContentView.swift; sourceTree = "<group>"; };
		9E4CDF3A2C8D8AB100C05FFF /* Assets.xcassets */ = {isa = PBXFileReference; lastKnownFileType = folder.assetcatalog; path = Assets.xcassets; sourceTree = "<group>"; };
		9E4CDF3D2C8D8AB100C05FFF /* Preview Assets.xcassets */ = {isa = PBXFileReference; lastKnownFileType = folder.assetcatalog; path = "Preview Assets.xcassets"; sourceTree = "<group>"; };
		9E4CDF3F2C8D8AB100C05FFF /* StartTCA2.entitlements */ = {isa = PBXFileReference; lastKnownFileType = text.plist.entitlements; path = StartTCA2.entitlements; sourceTree = "<group>"; };
		9E4CDF442C8D8AB100C05FFF /* StartTCA2Tests.xctest */ = {isa = PBXFileReference; explicitFileType = wrapper.cfbundle; includeInIndex = 0; path = StartTCA2Tests.xctest; sourceTree = BUILT_PRODUCTS_DIR; };
		9E4CDF482C8D8AB100C05FFF /* StartTCA2Tests.swift */ = {isa = PBXFileReference; lastKnownFileType = sourcecode.swift; path = StartTCA2Tests.swift; sourceTree = "<group>"; };
		9E4CDF4E2C8D8AB100C05FFF /* StartTCA2UITests.xctest */ = {isa = PBXFileReference; explicitFileType = wrapper.cfbundle; includeInIndex = 0; path = StartTCA2UITests.xctest; sourceTree = BUILT_PRODUCTS_DIR; };
		9E4CDF522C8D8AB100C05FFF /* StartTCA2UITests.swift */ = {isa = PBXFileReference; lastKnownFileType = sourcecode.swift; path = StartTCA2UITests.swift; sourceTree = "<group>"; };
		9E4CDF542C8D8AB100C05FFF /* StartTCA2UITestsLaunchTests.swift */ = {isa = PBXFileReference; lastKnownFileType = sourcecode.swift; path = StartTCA2UITestsLaunchTests.swift; sourceTree = "<group>"; };
		9E4CDF612C8D8B7300C05FFF /* Info.plist */ = {isa = PBXFileReference; lastKnownFileType = text.plist; path = Info.plist; sourceTree = "<group>"; };
		9E4CDF652C8D8BBD00C05FFF /* CounterFeature.swift */ = {isa = PBXFileReference; lastKnownFileType = sourcecode.swift; path = CounterFeature.swift; sourceTree = "<group>"; };
		9E4CDF672C8D8C0200C05FFF /* CounterFeatureTests.swift */ = {isa = PBXFileReference; lastKnownFileType = sourcecode.swift; path = CounterFeatureTests.swift; sourceTree = "<group>"; };
		9E5C035E2C8D9277000789C1 /* NumberFactClient.swift */ = {isa = PBXFileReference; lastKnownFileType = sourcecode.swift; path = NumberFactClient.swift; sourceTree = "<group>"; };
		9E5C03602C8D945A000789C1 /* AppFeature.swift */ = {isa = PBXFileReference; lastKnownFileType = sourcecode.swift; path = AppFeature.swift; sourceTree = "<group>"; };
		9E5C03622C8DBD5B000789C1 /* AppFeatureTests.swift */ = {isa = PBXFileReference; lastKnownFileType = sourcecode.swift; path = AppFeatureTests.swift; sourceTree = "<group>"; };
/* End PBXFileReference section */

/* Begin PBXFrameworksBuildPhase section */
		9E4CDF302C8D8AB000C05FFF /* Frameworks */ = {
			isa = PBXFrameworksBuildPhase;
			buildActionMask = 2147483647;
			files = (
				9E4CDF642C8D8BA900C05FFF /* ComposableArchitecture in Frameworks */,
			);
			runOnlyForDeploymentPostprocessing = 0;
		};
		9E4CDF412C8D8AB100C05FFF /* Frameworks */ = {
			isa = PBXFrameworksBuildPhase;
			buildActionMask = 2147483647;
			files = (
			);
			runOnlyForDeploymentPostprocessing = 0;
		};
		9E4CDF4B2C8D8AB100C05FFF /* Frameworks */ = {
			isa = PBXFrameworksBuildPhase;
			buildActionMask = 2147483647;
			files = (
			);
			runOnlyForDeploymentPostprocessing = 0;
		};
/* End PBXFrameworksBuildPhase section */

/* Begin PBXGroup section */
		9E4CDF2A2C8D8AB000C05FFF = {
			isa = PBXGroup;
			children = (
				9E4CDF352C8D8AB000C05FFF /* StartTCA2 */,
				9E4CDF472C8D8AB100C05FFF /* StartTCA2Tests */,
				9E4CDF512C8D8AB100C05FFF /* StartTCA2UITests */,
				9E4CDF342C8D8AB000C05FFF /* Products */,
			);
			sourceTree = "<group>";
		};
		9E4CDF342C8D8AB000C05FFF /* Products */ = {
			isa = PBXGroup;
			children = (
				9E4CDF332C8D8AB000C05FFF /* StartTCA2.app */,
				9E4CDF442C8D8AB100C05FFF /* StartTCA2Tests.xctest */,
				9E4CDF4E2C8D8AB100C05FFF /* StartTCA2UITests.xctest */,
			);
			name = Products;
			sourceTree = "<group>";
		};
		9E4CDF352C8D8AB000C05FFF /* StartTCA2 */ = {
			isa = PBXGroup;
			children = (
				9E4CDF612C8D8B7300C05FFF /* Info.plist */,
				9E4CDF362C8D8AB000C05FFF /* StartTCA2App.swift */,
				9E4CDF382C8D8AB000C05FFF /* ContentView.swift */,
				9E4CDF3A2C8D8AB100C05FFF /* Assets.xcassets */,
				9E4CDF3F2C8D8AB100C05FFF /* StartTCA2.entitlements */,
				9E4CDF3C2C8D8AB100C05FFF /* Preview Content */,
				9E4CDF652C8D8BBD00C05FFF /* CounterFeature.swift */,
				9E5C035E2C8D9277000789C1 /* NumberFactClient.swift */,
				9E5C03602C8D945A000789C1 /* AppFeature.swift */,
			);
			path = StartTCA2;
			sourceTree = "<group>";
		};
		9E4CDF3C2C8D8AB100C05FFF /* Preview Content */ = {
			isa = PBXGroup;
			children = (
				9E4CDF3D2C8D8AB100C05FFF /* Preview Assets.xcassets */,
			);
			path = "Preview Content";
			sourceTree = "<group>";
		};
		9E4CDF472C8D8AB100C05FFF /* StartTCA2Tests */ = {
			isa = PBXGroup;
			children = (
				9E4CDF482C8D8AB100C05FFF /* StartTCA2Tests.swift */,
				9E4CDF672C8D8C0200C05FFF /* CounterFeatureTests.swift */,
				9E5C03622C8DBD5B000789C1 /* AppFeatureTests.swift */,
			);
			path = StartTCA2Tests;
			sourceTree = "<group>";
		};
		9E4CDF512C8D8AB100C05FFF /* StartTCA2UITests */ = {
			isa = PBXGroup;
			children = (
				9E4CDF522C8D8AB100C05FFF /* StartTCA2UITests.swift */,
				9E4CDF542C8D8AB100C05FFF /* StartTCA2UITestsLaunchTests.swift */,
			);
			path = StartTCA2UITests;
			sourceTree = "<group>";
		};
/* End PBXGroup section */

/* Begin PBXNativeTarget section */
		9E4CDF322C8D8AB000C05FFF /* StartTCA2 */ = {
			isa = PBXNativeTarget;
			buildConfigurationList = 9E4CDF582C8D8AB100C05FFF /* Build configuration list for PBXNativeTarget "StartTCA2" */;
			buildPhases = (
				9E4CDF2F2C8D8AB000C05FFF /* Sources */,
				9E4CDF302C8D8AB000C05FFF /* Frameworks */,
				9E4CDF312C8D8AB000C05FFF /* Resources */,
			);
			buildRules = (
			);
			dependencies = (
			);
			name = StartTCA2;
			packageProductDependencies = (
				9E4CDF632C8D8BA900C05FFF /* ComposableArchitecture */,
			);
			productName = StartTCA2;
			productReference = 9E4CDF332C8D8AB000C05FFF /* StartTCA2.app */;
			productType = "com.apple.product-type.application";
		};
		9E4CDF432C8D8AB100C05FFF /* StartTCA2Tests */ = {
			isa = PBXNativeTarget;
			buildConfigurationList = 9E4CDF5B2C8D8AB100C05FFF /* Build configuration list for PBXNativeTarget "StartTCA2Tests" */;
			buildPhases = (
				9E4CDF402C8D8AB100C05FFF /* Sources */,
				9E4CDF412C8D8AB100C05FFF /* Frameworks */,
				9E4CDF422C8D8AB100C05FFF /* Resources */,
			);
			buildRules = (
			);
			dependencies = (
				9E4CDF462C8D8AB100C05FFF /* PBXTargetDependency */,
			);
			name = StartTCA2Tests;
			productName = StartTCA2Tests;
			productReference = 9E4CDF442C8D8AB100C05FFF /* StartTCA2Tests.xctest */;
			productType = "com.apple.product-type.bundle.unit-test";
		};
		9E4CDF4D2C8D8AB100C05FFF /* StartTCA2UITests */ = {
			isa = PBXNativeTarget;
			buildConfigurationList = 9E4CDF5E2C8D8AB100C05FFF /* Build configuration list for PBXNativeTarget "StartTCA2UITests" */;
			buildPhases = (
				9E4CDF4A2C8D8AB100C05FFF /* Sources */,
				9E4CDF4B2C8D8AB100C05FFF /* Frameworks */,
				9E4CDF4C2C8D8AB100C05FFF /* Resources */,
			);
			buildRules = (
			);
			dependencies = (
				9E4CDF502C8D8AB100C05FFF /* PBXTargetDependency */,
			);
			name = StartTCA2UITests;
			productName = StartTCA2UITests;
			productReference = 9E4CDF4E2C8D8AB100C05FFF /* StartTCA2UITests.xctest */;
			productType = "com.apple.product-type.bundle.ui-testing";
		};
/* End PBXNativeTarget section */

/* Begin PBXProject section */
		9E4CDF2B2C8D8AB000C05FFF /* Project object */ = {
			isa = PBXProject;
			attributes = {
				BuildIndependentTargetsInParallel = 1;
				LastSwiftUpdateCheck = 1540;
				LastUpgradeCheck = 1540;
				TargetAttributes = {
					9E4CDF322C8D8AB000C05FFF = {
						CreatedOnToolsVersion = 15.4;
					};
					9E4CDF432C8D8AB100C05FFF = {
						CreatedOnToolsVersion = 15.4;
						TestTargetID = 9E4CDF322C8D8AB000C05FFF;
					};
					9E4CDF4D2C8D8AB100C05FFF = {
						CreatedOnToolsVersion = 15.4;
						TestTargetID = 9E4CDF322C8D8AB000C05FFF;
					};
				};
			};
			buildConfigurationList = 9E4CDF2E2C8D8AB000C05FFF /* Build configuration list for PBXProject "StartTCA2" */;
			compatibilityVersion = "Xcode 14.0";
			developmentRegion = en;
			hasScannedForEncodings = 0;
			knownRegions = (
				en,
				Base,
			);
			mainGroup = 9E4CDF2A2C8D8AB000C05FFF;
			packageReferences = (
				9E4CDF622C8D8BA900C05FFF /* XCRemoteSwiftPackageReference "swift-composable-architecture" */,
			);
			productRefGroup = 9E4CDF342C8D8AB000C05FFF /* Products */;
			projectDirPath = "";
			projectRoot = "";
			targets = (
				9E4CDF322C8D8AB000C05FFF /* StartTCA2 */,
				9E4CDF432C8D8AB100C05FFF /* StartTCA2Tests */,
				9E4CDF4D2C8D8AB100C05FFF /* StartTCA2UITests */,
			);
		};
/* End PBXProject section */

/* Begin PBXResourcesBuildPhase section */
		9E4CDF312C8D8AB000C05FFF /* Resources */ = {
			isa = PBXResourcesBuildPhase;
			buildActionMask = 2147483647;
			files = (
				9E4CDF3E2C8D8AB100C05FFF /* Preview Assets.xcassets in Resources */,
				9E4CDF3B2C8D8AB100C05FFF /* Assets.xcassets in Resources */,
			);
			runOnlyForDeploymentPostprocessing = 0;
		};
		9E4CDF422C8D8AB100C05FFF /* Resources */ = {
			isa = PBXResourcesBuildPhase;
			buildActionMask = 2147483647;
			files = (
			);
			runOnlyForDeploymentPostprocessing = 0;
		};
		9E4CDF4C2C8D8AB100C05FFF /* Resources */ = {
			isa = PBXResourcesBuildPhase;
			buildActionMask = 2147483647;
			files = (
			);
			runOnlyForDeploymentPostprocessing = 0;
		};
/* End PBXResourcesBuildPhase section */

/* Begin PBXSourcesBuildPhase section */
		9E4CDF2F2C8D8AB000C05FFF /* Sources */ = {
			isa = PBXSourcesBuildPhase;
			buildActionMask = 2147483647;
			files = (
				9E4CDF662C8D8BBD00C05FFF /* CounterFeature.swift in Sources */,
				9E5C03612C8D945A000789C1 /* AppFeature.swift in Sources */,
				9E4CDF392C8D8AB000C05FFF /* ContentView.swift in Sources */,
				9E4CDF372C8D8AB000C05FFF /* StartTCA2App.swift in Sources */,
				9E5C035F2C8D9277000789C1 /* NumberFactClient.swift in Sources */,
			);
			runOnlyForDeploymentPostprocessing = 0;
		};
		9E4CDF402C8D8AB100C05FFF /* Sources */ = {
			isa = PBXSourcesBuildPhase;
			buildActionMask = 2147483647;
			files = (
				9E4CDF492C8D8AB100C05FFF /* StartTCA2Tests.swift in Sources */,
				9E4CDF682C8D8C0200C05FFF /* CounterFeatureTests.swift in Sources */,
				9E5C03632C8DBD5B000789C1 /* AppFeatureTests.swift in Sources */,
			);
			runOnlyForDeploymentPostprocessing = 0;
		};
		9E4CDF4A2C8D8AB100C05FFF /* Sources */ = {
			isa = PBXSourcesBuildPhase;
			buildActionMask = 2147483647;
			files = (
				9E4CDF532C8D8AB100C05FFF /* StartTCA2UITests.swift in Sources */,
				9E4CDF552C8D8AB100C05FFF /* StartTCA2UITestsLaunchTests.swift in Sources */,
			);
			runOnlyForDeploymentPostprocessing = 0;
		};
/* End PBXSourcesBuildPhase section */

/* Begin PBXTargetDependency section */
		9E4CDF462C8D8AB100C05FFF /* PBXTargetDependency */ = {
			isa = PBXTargetDependency;
			target = 9E4CDF322C8D8AB000C05FFF /* StartTCA2 */;
			targetProxy = 9E4CDF452C8D8AB100C05FFF /* PBXContainerItemProxy */;
		};
		9E4CDF502C8D8AB100C05FFF /* PBXTargetDependency */ = {
			isa = PBXTargetDependency;
			target = 9E4CDF322C8D8AB000C05FFF /* StartTCA2 */;
			targetProxy = 9E4CDF4F2C8D8AB100C05FFF /* PBXContainerItemProxy */;
		};
/* End PBXTargetDependency section */

/* Begin XCBuildConfiguration section */
		9E4CDF562C8D8AB100C05FFF /* Debug */ = {
			isa = XCBuildConfiguration;
			buildSettings = {
				ALWAYS_SEARCH_USER_PATHS = NO;
				ASSETCATALOG_COMPILER_GENERATE_SWIFT_ASSET_SYMBOL_EXTENSIONS = YES;
				CLANG_ANALYZER_NONNULL = YES;
				CLANG_ANALYZER_NUMBER_OBJECT_CONVERSION = YES_AGGRESSIVE;
				CLANG_CXX_LANGUAGE_STANDARD = "gnu++20";
				CLANG_ENABLE_MODULES = YES;
				CLANG_ENABLE_OBJC_ARC = YES;
				CLANG_ENABLE_OBJC_WEAK = YES;
				CLANG_WARN_BLOCK_CAPTURE_AUTORELEASING = YES;
				CLANG_WARN_BOOL_CONVERSION = YES;
				CLANG_WARN_COMMA = YES;
				CLANG_WARN_CONSTANT_CONVERSION = YES;
				CLANG_WARN_DEPRECATED_OBJC_IMPLEMENTATIONS = YES;
				CLANG_WARN_DIRECT_OBJC_ISA_USAGE = YES_ERROR;
				CLANG_WARN_DOCUMENTATION_COMMENTS = YES;
				CLANG_WARN_EMPTY_BODY = YES;
				CLANG_WARN_ENUM_CONVERSION = YES;
				CLANG_WARN_INFINITE_RECURSION = YES;
				CLANG_WARN_INT_CONVERSION = YES;
				CLANG_WARN_NON_LITERAL_NULL_CONVERSION = YES;
				CLANG_WARN_OBJC_IMPLICIT_RETAIN_SELF = YES;
				CLANG_WARN_OBJC_LITERAL_CONVERSION = YES;
				CLANG_WARN_OBJC_ROOT_CLASS = YES_ERROR;
				CLANG_WARN_QUOTED_INCLUDE_IN_FRAMEWORK_HEADER = YES;
				CLANG_WARN_RANGE_LOOP_ANALYSIS = YES;
				CLANG_WARN_STRICT_PROTOTYPES = YES;
				CLANG_WARN_SUSPICIOUS_MOVE = YES;
				CLANG_WARN_UNGUARDED_AVAILABILITY = YES_AGGRESSIVE;
				CLANG_WARN_UNREACHABLE_CODE = YES;
				CLANG_WARN__DUPLICATE_METHOD_MATCH = YES;
				COPY_PHASE_STRIP = NO;
				DEBUG_INFORMATION_FORMAT = dwarf;
				ENABLE_STRICT_OBJC_MSGSEND = YES;
				ENABLE_TESTABILITY = YES;
				ENABLE_USER_SCRIPT_SANDBOXING = YES;
				GCC_C_LANGUAGE_STANDARD = gnu17;
				GCC_DYNAMIC_NO_PIC = NO;
				GCC_NO_COMMON_BLOCKS = YES;
				GCC_OPTIMIZATION_LEVEL = 0;
				GCC_PREPROCESSOR_DEFINITIONS = (
					"DEBUG=1",
					"$(inherited)",
				);
				GCC_WARN_64_TO_32_BIT_CONVERSION = YES;
				GCC_WARN_ABOUT_RETURN_TYPE = YES_ERROR;
				GCC_WARN_UNDECLARED_SELECTOR = YES;
				GCC_WARN_UNINITIALIZED_AUTOS = YES_AGGRESSIVE;
				GCC_WARN_UNUSED_FUNCTION = YES;
				GCC_WARN_UNUSED_VARIABLE = YES;
				LOCALIZATION_PREFERS_STRING_CATALOGS = YES;
				MACOSX_DEPLOYMENT_TARGET = 14.5;
				MTL_ENABLE_DEBUG_INFO = INCLUDE_SOURCE;
				MTL_FAST_MATH = YES;
				ONLY_ACTIVE_ARCH = YES;
				SDKROOT = macosx;
				SWIFT_ACTIVE_COMPILATION_CONDITIONS = "DEBUG $(inherited)";
				SWIFT_OPTIMIZATION_LEVEL = "-Onone";
			};
			name = Debug;
		};
		9E4CDF572C8D8AB100C05FFF /* Release */ = {
			isa = XCBuildConfiguration;
			buildSettings = {
				ALWAYS_SEARCH_USER_PATHS = NO;
				ASSETCATALOG_COMPILER_GENERATE_SWIFT_ASSET_SYMBOL_EXTENSIONS = YES;
				CLANG_ANALYZER_NONNULL = YES;
				CLANG_ANALYZER_NUMBER_OBJECT_CONVERSION = YES_AGGRESSIVE;
				CLANG_CXX_LANGUAGE_STANDARD = "gnu++20";
				CLANG_ENABLE_MODULES = YES;
				CLANG_ENABLE_OBJC_ARC = YES;
				CLANG_ENABLE_OBJC_WEAK = YES;
				CLANG_WARN_BLOCK_CAPTURE_AUTORELEASING = YES;
				CLANG_WARN_BOOL_CONVERSION = YES;
				CLANG_WARN_COMMA = YES;
				CLANG_WARN_CONSTANT_CONVERSION = YES;
				CLANG_WARN_DEPRECATED_OBJC_IMPLEMENTATIONS = YES;
				CLANG_WARN_DIRECT_OBJC_ISA_USAGE = YES_ERROR;
				CLANG_WARN_DOCUMENTATION_COMMENTS = YES;
				CLANG_WARN_EMPTY_BODY = YES;
				CLANG_WARN_ENUM_CONVERSION = YES;
				CLANG_WARN_INFINITE_RECURSION = YES;
				CLANG_WARN_INT_CONVERSION = YES;
				CLANG_WARN_NON_LITERAL_NULL_CONVERSION = YES;
				CLANG_WARN_OBJC_IMPLICIT_RETAIN_SELF = YES;
				CLANG_WARN_OBJC_LITERAL_CONVERSION = YES;
				CLANG_WARN_OBJC_ROOT_CLASS = YES_ERROR;
				CLANG_WARN_QUOTED_INCLUDE_IN_FRAMEWORK_HEADER = YES;
				CLANG_WARN_RANGE_LOOP_ANALYSIS = YES;
				CLANG_WARN_STRICT_PROTOTYPES = YES;
				CLANG_WARN_SUSPICIOUS_MOVE = YES;
				CLANG_WARN_UNGUARDED_AVAILABILITY = YES_AGGRESSIVE;
				CLANG_WARN_UNREACHABLE_CODE = YES;
				CLANG_WARN__DUPLICATE_METHOD_MATCH = YES;
				COPY_PHASE_STRIP = NO;
				DEBUG_INFORMATION_FORMAT = "dwarf-with-dsym";
				ENABLE_NS_ASSERTIONS = NO;
				ENABLE_STRICT_OBJC_MSGSEND = YES;
				ENABLE_USER_SCRIPT_SANDBOXING = YES;
				GCC_C_LANGUAGE_STANDARD = gnu17;
				GCC_NO_COMMON_BLOCKS = YES;
				GCC_WARN_64_TO_32_BIT_CONVERSION = YES;
				GCC_WARN_ABOUT_RETURN_TYPE = YES_ERROR;
				GCC_WARN_UNDECLARED_SELECTOR = YES;
				GCC_WARN_UNINITIALIZED_AUTOS = YES_AGGRESSIVE;
				GCC_WARN_UNUSED_FUNCTION = YES;
				GCC_WARN_UNUSED_VARIABLE = YES;
				LOCALIZATION_PREFERS_STRING_CATALOGS = YES;
				MACOSX_DEPLOYMENT_TARGET = 14.5;
				MTL_ENABLE_DEBUG_INFO = NO;
				MTL_FAST_MATH = YES;
				SDKROOT = macosx;
				SWIFT_COMPILATION_MODE = wholemodule;
			};
			name = Release;
		};
		9E4CDF592C8D8AB100C05FFF /* Debug */ = {
			isa = XCBuildConfiguration;
			buildSettings = {
				ASSETCATALOG_COMPILER_APPICON_NAME = AppIcon;
				ASSETCATALOG_COMPILER_GLOBAL_ACCENT_COLOR_NAME = AccentColor;
				CODE_SIGN_ENTITLEMENTS = StartTCA2/StartTCA2.entitlements;
				"CODE_SIGN_IDENTITY[sdk=macosx*]" = "Apple Development";
				CODE_SIGN_STYLE = Automatic;
				COMBINE_HIDPI_IMAGES = YES;
				CURRENT_PROJECT_VERSION = 1;
				DEVELOPMENT_ASSET_PATHS = "\"StartTCA2/Preview Content\"";
				DEVELOPMENT_TEAM = 7S9UJ856HM;
				ENABLE_PREVIEWS = YES;
				GENERATE_INFOPLIST_FILE = YES;
				INFOPLIST_FILE = StartTCA2/Info.plist;
				INFOPLIST_KEY_NSHumanReadableCopyright = "";
				LD_RUNPATH_SEARCH_PATHS = (
					"$(inherited)",
					"@executable_path/../Frameworks",
				);
				MARKETING_VERSION = 1.0;
				PRODUCT_BUNDLE_IDENTIFIER = com.sedationh.StartTCA2;
				PRODUCT_NAME = "$(TARGET_NAME)";
				SWIFT_EMIT_LOC_STRINGS = YES;
				SWIFT_VERSION = 5.0;
			};
			name = Debug;
		};
		9E4CDF5A2C8D8AB100C05FFF /* Release */ = {
			isa = XCBuildConfiguration;
			buildSettings = {
				ASSETCATALOG_COMPILER_APPICON_NAME = AppIcon;
				ASSETCATALOG_COMPILER_GLOBAL_ACCENT_COLOR_NAME = AccentColor;
				CODE_SIGN_ENTITLEMENTS = StartTCA2/StartTCA2.entitlements;
				"CODE_SIGN_IDENTITY[sdk=macosx*]" = "Apple Development";
				CODE_SIGN_STYLE = Automatic;
				COMBINE_HIDPI_IMAGES = YES;
				CURRENT_PROJECT_VERSION = 1;
				DEVELOPMENT_ASSET_PATHS = "\"StartTCA2/Preview Content\"";
				DEVELOPMENT_TEAM = 7S9UJ856HM;
				ENABLE_PREVIEWS = YES;
				GENERATE_INFOPLIST_FILE = YES;
				INFOPLIST_FILE = StartTCA2/Info.plist;
				INFOPLIST_KEY_NSHumanReadableCopyright = "";
				LD_RUNPATH_SEARCH_PATHS = (
					"$(inherited)",
					"@executable_path/../Frameworks",
				);
				MARKETING_VERSION = 1.0;
				PRODUCT_BUNDLE_IDENTIFIER = com.sedationh.StartTCA2;
				PRODUCT_NAME = "$(TARGET_NAME)";
				SWIFT_EMIT_LOC_STRINGS = YES;
				SWIFT_VERSION = 5.0;
			};
			name = Release;
		};
		9E4CDF5C2C8D8AB100C05FFF /* Debug */ = {
			isa = XCBuildConfiguration;
			buildSettings = {
				ALWAYS_EMBED_SWIFT_STANDARD_LIBRARIES = YES;
				BUNDLE_LOADER = "$(TEST_HOST)";
				CODE_SIGN_STYLE = Automatic;
				CURRENT_PROJECT_VERSION = 1;
				GENERATE_INFOPLIST_FILE = YES;
				MACOSX_DEPLOYMENT_TARGET = 14.5;
				MARKETING_VERSION = 1.0;
				PRODUCT_BUNDLE_IDENTIFIER = com.sedationh.StartTCA2Tests;
				PRODUCT_NAME = "$(TARGET_NAME)";
				SWIFT_EMIT_LOC_STRINGS = NO;
				SWIFT_VERSION = 5.0;
				TEST_HOST = "$(BUILT_PRODUCTS_DIR)/StartTCA2.app/$(BUNDLE_EXECUTABLE_FOLDER_PATH)/StartTCA2";
			};
			name = Debug;
		};
		9E4CDF5D2C8D8AB100C05FFF /* Release */ = {
			isa = XCBuildConfiguration;
			buildSettings = {
				ALWAYS_EMBED_SWIFT_STANDARD_LIBRARIES = YES;
				BUNDLE_LOADER = "$(TEST_HOST)";
				CODE_SIGN_STYLE = Automatic;
				CURRENT_PROJECT_VERSION = 1;
				GENERATE_INFOPLIST_FILE = YES;
				MACOSX_DEPLOYMENT_TARGET = 14.5;
				MARKETING_VERSION = 1.0;
				PRODUCT_BUNDLE_IDENTIFIER = com.sedationh.StartTCA2Tests;
				PRODUCT_NAME = "$(TARGET_NAME)";
				SWIFT_EMIT_LOC_STRINGS = NO;
				SWIFT_VERSION = 5.0;
				TEST_HOST = "$(BUILT_PRODUCTS_DIR)/StartTCA2.app/$(BUNDLE_EXECUTABLE_FOLDER_PATH)/StartTCA2";
			};
			name = Release;
		};
		9E4CDF5F2C8D8AB100C05FFF /* Debug */ = {
			isa = XCBuildConfiguration;
			buildSettings = {
				ALWAYS_EMBED_SWIFT_STANDARD_LIBRARIES = YES;
				CODE_SIGN_STYLE = Automatic;
				CURRENT_PROJECT_VERSION = 1;
				GENERATE_INFOPLIST_FILE = YES;
				MARKETING_VERSION = 1.0;
				PRODUCT_BUNDLE_IDENTIFIER = com.sedationh.StartTCA2UITests;
				PRODUCT_NAME = "$(TARGET_NAME)";
				SWIFT_EMIT_LOC_STRINGS = NO;
				SWIFT_VERSION = 5.0;
				TEST_TARGET_NAME = StartTCA2;
			};
			name = Debug;
		};
		9E4CDF602C8D8AB100C05FFF /* Release */ = {
			isa = XCBuildConfiguration;
			buildSettings = {
				ALWAYS_EMBED_SWIFT_STANDARD_LIBRARIES = YES;
				CODE_SIGN_STYLE = Automatic;
				CURRENT_PROJECT_VERSION = 1;
				GENERATE_INFOPLIST_FILE = YES;
				MARKETING_VERSION = 1.0;
				PRODUCT_BUNDLE_IDENTIFIER = com.sedationh.StartTCA2UITests;
				PRODUCT_NAME = "$(TARGET_NAME)";
				SWIFT_EMIT_LOC_STRINGS = NO;
				SWIFT_VERSION = 5.0;
				TEST_TARGET_NAME = StartTCA2;
			};
			name = Release;
		};
/* End XCBuildConfiguration section */

/* Begin XCConfigurationList section */
		9E4CDF2E2C8D8AB000C05FFF /* Build configuration list for PBXProject "StartTCA2" */ = {
			isa = XCConfigurationList;
			buildConfigurations = (
				9E4CDF562C8D8AB100C05FFF /* Debug */,
				9E4CDF572C8D8AB100C05FFF /* Release */,
			);
			defaultConfigurationIsVisible = 0;
			defaultConfigurationName = Release;
		};
		9E4CDF582C8D8AB100C05FFF /* Build configuration list for PBXNativeTarget "StartTCA2" */ = {
			isa = XCConfigurationList;
			buildConfigurations = (
				9E4CDF592C8D8AB100C05FFF /* Debug */,
				9E4CDF5A2C8D8AB100C05FFF /* Release */,
			);
			defaultConfigurationIsVisible = 0;
			defaultConfigurationName = Release;
		};
		9E4CDF5B2C8D8AB100C05FFF /* Build configuration list for PBXNativeTarget "StartTCA2Tests" */ = {
			isa = XCConfigurationList;
			buildConfigurations = (
				9E4CDF5C2C8D8AB100C05FFF /* Debug */,
				9E4CDF5D2C8D8AB100C05FFF /* Release */,
			);
			defaultConfigurationIsVisible = 0;
			defaultConfigurationName = Release;
		};
		9E4CDF5E2C8D8AB100C05FFF /* Build configuration list for PBXNativeTarget "StartTCA2UITests" */ = {
			isa = XCConfigurationList;
			buildConfigurations = (
				9E4CDF5F2C8D8AB100C05FFF /* Debug */,
				9E4CDF602C8D8AB100C05FFF /* Release */,
			);
			defaultConfigurationIsVisible = 0;
			defaultConfigurationName = Release;
		};
/* End XCConfigurationList section */

/* Begin XCRemoteSwiftPackageReference section */
		9E4CDF622C8D8BA900C05FFF /* XCRemoteSwiftPackageReference "swift-composable-architecture" */ = {
			isa = XCRemoteSwiftPackageReference;
			repositoryURL = "https://github.com/pointfreeco/swift-composable-architecture";
			requirement = {
				kind = upToNextMajorVersion;
				minimumVersion = 1.14.0;
			};
		};
/* End XCRemoteSwiftPackageReference section */

/* Begin XCSwiftPackageProductDependency section */
		9E4CDF632C8D8BA900C05FFF /* ComposableArchitecture */ = {
			isa = XCSwiftPackageProductDependency;
			package = 9E4CDF622C8D8BA900C05FFF /* XCRemoteSwiftPackageReference "swift-composable-architecture" */;
			productName = ComposableArchitecture;
		};
/* End XCSwiftPackageProductDependency section */
	};
	rootObject = 9E4CDF2B2C8D8AB000C05FFF /* Project object */;
}
